// !$*UTF8*$!
{
	archiveVersion = 1;
	classes = {
	};
	objectVersion = 51;
	objects = {

/* Begin PBXBuildFile section */
		22177E8A5F59652B3D64CB65 /* Pods_ProvaSicredi.framework in Frameworks */ = {isa = PBXBuildFile; fileRef = 6825DFC48484E7A4CB6FD3FE /* Pods_ProvaSicredi.framework */; };
		4C38CD829B51D6265AE878F0 /* Pods_ProvaSicrediTests.framework in Frameworks */ = {isa = PBXBuildFile; fileRef = 551DEA9FDE2DA3A163AA77BD /* Pods_ProvaSicrediTests.framework */; };
		6EDC086BC30FF92DDD5B31A2 /* Pods_ProvaSicredi_ProvaSicrediUITests.framework in Frameworks */ = {isa = PBXBuildFile; fileRef = 8E18E680405CCC39E842A078 /* Pods_ProvaSicredi_ProvaSicrediUITests.framework */; };
		9D1D592B268BF75D00C1853C /* StrignUtilsTest.swift in Sources */ = {isa = PBXBuildFile; fileRef = 9D1D592A268BF75D00C1853C /* StrignUtilsTest.swift */; };
		9D1D5933268BFEF700C1853C /* ProvaSicrediTests.swift in Sources */ = {isa = PBXBuildFile; fileRef = 9D1D5932268BFEF700C1853C /* ProvaSicrediTests.swift */; };
		9D1D593B268BFFCD00C1853C /* EpochDateTest.swift in Sources */ = {isa = PBXBuildFile; fileRef = 9D1D593A268BFFCD00C1853C /* EpochDateTest.swift */; };
		9D4619A2268E36CA00C989A4 /* ColorSets.swift in Sources */ = {isa = PBXBuildFile; fileRef = 9D4619A1268E36CA00C989A4 /* ColorSets.swift */; };
		9D5A6DA8268C2E430012E7B3 /* Popup.swift in Sources */ = {isa = PBXBuildFile; fileRef = 9D5A6DA7268C2E430012E7B3 /* Popup.swift */; };
		9D7CFF2A268B8CEF00A48C9E /* Montserrat-SemiBold.ttf in Resources */ = {isa = PBXBuildFile; fileRef = 9D7CFF29268B8CEF00A48C9E /* Montserrat-SemiBold.ttf */; };
		9D7CFF2F268B8D0C00A48C9E /* Montserrat-Regular.ttf in Resources */ = {isa = PBXBuildFile; fileRef = 9D7CFF2E268B8D0C00A48C9E /* Montserrat-Regular.ttf */; };
		9D7CFF34268B8D1E00A48C9E /* Montserrat-Bold.ttf in Resources */ = {isa = PBXBuildFile; fileRef = 9D7CFF33268B8D1E00A48C9E /* Montserrat-Bold.ttf */; };
		9D7CFF3A268BA05200A48C9E /* PresenceViewController.swift in Sources */ = {isa = PBXBuildFile; fileRef = 9D7CFF39268BA05200A48C9E /* PresenceViewController.swift */; };
		9D7CFF42268BA05E00A48C9E /* PresenceViewModel.swift in Sources */ = {isa = PBXBuildFile; fileRef = 9D7CFF41268BA05E00A48C9E /* PresenceViewModel.swift */; };
		9D7CFF47268BA06C00A48C9E /* PresenceCoordinator.swift in Sources */ = {isa = PBXBuildFile; fileRef = 9D7CFF46268BA06C00A48C9E /* PresenceCoordinator.swift */; };
		9D7CFF5A268BAC0500A48C9E /* Montserrat-Light.ttf in Resources */ = {isa = PBXBuildFile; fileRef = 9D7CFF59268BAC0500A48C9E /* Montserrat-Light.ttf */; };
		9D7CFF6A268BB8D100A48C9E /* StringExtension.swift in Sources */ = {isa = PBXBuildFile; fileRef = 9D7CFF69268BB8D100A48C9E /* StringExtension.swift */; };
		9D7CFF6F268BBDC300A48C9E /* PresenceDAO.swift in Sources */ = {isa = PBXBuildFile; fileRef = 9D7CFF6E268BBDC300A48C9E /* PresenceDAO.swift */; };
		9DB7A5A9268A483A006662E7 /* AppDelegate.swift in Sources */ = {isa = PBXBuildFile; fileRef = 9DB7A5A8268A483A006662E7 /* AppDelegate.swift */; };
		9DB7A5AB268A483A006662E7 /* SceneDelegate.swift in Sources */ = {isa = PBXBuildFile; fileRef = 9DB7A5AA268A483A006662E7 /* SceneDelegate.swift */; };
		9DB7A5AD268A483A006662E7 /* HomeViewController.swift in Sources */ = {isa = PBXBuildFile; fileRef = 9DB7A5AC268A483A006662E7 /* HomeViewController.swift */; };
		9DB7A5B2268A483B006662E7 /* Assets.xcassets in Resources */ = {isa = PBXBuildFile; fileRef = 9DB7A5B1268A483B006662E7 /* Assets.xcassets */; };
		9DB7A5B5268A483B006662E7 /* LaunchScreen.storyboard in Resources */ = {isa = PBXBuildFile; fileRef = 9DB7A5B3268A483B006662E7 /* LaunchScreen.storyboard */; };
		9DB7A5CB268A483B006662E7 /* ProvaSicrediUITests.swift in Sources */ = {isa = PBXBuildFile; fileRef = 9DB7A5CA268A483B006662E7 /* ProvaSicrediUITests.swift */; };
		9DB7A5E3268A48F5006662E7 /* HomeCoordinator.swift in Sources */ = {isa = PBXBuildFile; fileRef = 9DB7A5E2268A48F5006662E7 /* HomeCoordinator.swift */; };
		9DB7A5E9268A4909006662E7 /* CoordinatorProtocol.swift in Sources */ = {isa = PBXBuildFile; fileRef = 9DB7A5E8268A4909006662E7 /* CoordinatorProtocol.swift */; };
		9DB7A5F1268A49B6006662E7 /* HomeViewModel.swift in Sources */ = {isa = PBXBuildFile; fileRef = 9DB7A5F0268A49B6006662E7 /* HomeViewModel.swift */; };
		9DB7A5FA268A51A9006662E7 /* APIService.swift in Sources */ = {isa = PBXBuildFile; fileRef = 9DB7A5F9268A51A9006662E7 /* APIService.swift */; };
		9DB7A600268A51F1006662E7 /* Event.swift in Sources */ = {isa = PBXBuildFile; fileRef = 9DB7A5FF268A51F1006662E7 /* Event.swift */; };
		9DB7A605268A5218006662E7 /* People.swift in Sources */ = {isa = PBXBuildFile; fileRef = 9DB7A604268A5218006662E7 /* People.swift */; };
		9DB7A615268A61D6006662E7 /* APIMethods.swift in Sources */ = {isa = PBXBuildFile; fileRef = 9DB7A614268A61D6006662E7 /* APIMethods.swift */; };
		9DB7A61A268A662D006662E7 /* HomeTableViewCell.swift in Sources */ = {isa = PBXBuildFile; fileRef = 9DB7A619268A662D006662E7 /* HomeTableViewCell.swift */; };
		9DB7A623268A90EF006662E7 /* DetailsViewController.swift in Sources */ = {isa = PBXBuildFile; fileRef = 9DB7A622268A90EF006662E7 /* DetailsViewController.swift */; };
		9DB7A62B268A90FB006662E7 /* DetailsViewModel.swift in Sources */ = {isa = PBXBuildFile; fileRef = 9DB7A62A268A90FB006662E7 /* DetailsViewModel.swift */; };
		9DB7A633268A9111006662E7 /* DetailsViewCoordinator.swift in Sources */ = {isa = PBXBuildFile; fileRef = 9DB7A632268A9111006662E7 /* DetailsViewCoordinator.swift */; };
		9DB7A638268AAE24006662E7 /* Components.swift in Sources */ = {isa = PBXBuildFile; fileRef = 9DB7A637268AAE24006662E7 /* Components.swift */; };
/* End PBXBuildFile section */

/* Begin PBXContainerItemProxy section */
		9DB7A5BC268A483B006662E7 /* PBXContainerItemProxy */ = {
			isa = PBXContainerItemProxy;
			containerPortal = 9DB7A59D268A483A006662E7 /* Project object */;
			proxyType = 1;
			remoteGlobalIDString = 9DB7A5A4268A483A006662E7;
			remoteInfo = ProvaSicredi;
		};
		9DB7A5C7268A483B006662E7 /* PBXContainerItemProxy */ = {
			isa = PBXContainerItemProxy;
			containerPortal = 9DB7A59D268A483A006662E7 /* Project object */;
			proxyType = 1;
			remoteGlobalIDString = 9DB7A5A4268A483A006662E7;
			remoteInfo = ProvaSicredi;
		};
/* End PBXContainerItemProxy section */

/* Begin PBXFileReference section */
		484FC7E7BEA64A524875B41D /* Pods-ProvaSicredi.debug.xcconfig */ = {isa = PBXFileReference; includeInIndex = 1; lastKnownFileType = text.xcconfig; name = "Pods-ProvaSicredi.debug.xcconfig"; path = "Target Support Files/Pods-ProvaSicredi/Pods-ProvaSicredi.debug.xcconfig"; sourceTree = "<group>"; };
		551DEA9FDE2DA3A163AA77BD /* Pods_ProvaSicrediTests.framework */ = {isa = PBXFileReference; explicitFileType = wrapper.framework; includeInIndex = 0; path = Pods_ProvaSicrediTests.framework; sourceTree = BUILT_PRODUCTS_DIR; };
		6701894BAF50B2AE6BEB1D61 /* Pods-ProvaSicrediTests.debug.xcconfig */ = {isa = PBXFileReference; includeInIndex = 1; lastKnownFileType = text.xcconfig; name = "Pods-ProvaSicrediTests.debug.xcconfig"; path = "Target Support Files/Pods-ProvaSicrediTests/Pods-ProvaSicrediTests.debug.xcconfig"; sourceTree = "<group>"; };
		6825DFC48484E7A4CB6FD3FE /* Pods_ProvaSicredi.framework */ = {isa = PBXFileReference; explicitFileType = wrapper.framework; includeInIndex = 0; path = Pods_ProvaSicredi.framework; sourceTree = BUILT_PRODUCTS_DIR; };
		8E18E680405CCC39E842A078 /* Pods_ProvaSicredi_ProvaSicrediUITests.framework */ = {isa = PBXFileReference; explicitFileType = wrapper.framework; includeInIndex = 0; path = Pods_ProvaSicredi_ProvaSicrediUITests.framework; sourceTree = BUILT_PRODUCTS_DIR; };
		902D133BC7635545E19AA424 /* Pods-ProvaSicredi-ProvaSicrediUITests.debug.xcconfig */ = {isa = PBXFileReference; includeInIndex = 1; lastKnownFileType = text.xcconfig; name = "Pods-ProvaSicredi-ProvaSicrediUITests.debug.xcconfig"; path = "Target Support Files/Pods-ProvaSicredi-ProvaSicrediUITests/Pods-ProvaSicredi-ProvaSicrediUITests.debug.xcconfig"; sourceTree = "<group>"; };
		9991B76834D98E635CDFD572 /* Pods-ProvaSicrediTests.release.xcconfig */ = {isa = PBXFileReference; includeInIndex = 1; lastKnownFileType = text.xcconfig; name = "Pods-ProvaSicrediTests.release.xcconfig"; path = "Target Support Files/Pods-ProvaSicrediTests/Pods-ProvaSicrediTests.release.xcconfig"; sourceTree = "<group>"; };
		9D1D592A268BF75D00C1853C /* StrignUtilsTest.swift */ = {isa = PBXFileReference; lastKnownFileType = sourcecode.swift; path = StrignUtilsTest.swift; sourceTree = "<group>"; };
		9D1D5932268BFEF700C1853C /* ProvaSicrediTests.swift */ = {isa = PBXFileReference; fileEncoding = 4; lastKnownFileType = sourcecode.swift; path = ProvaSicrediTests.swift; sourceTree = "<group>"; };
		9D1D593A268BFFCD00C1853C /* EpochDateTest.swift */ = {isa = PBXFileReference; lastKnownFileType = sourcecode.swift; path = EpochDateTest.swift; sourceTree = "<group>"; };
		9D4619A1268E36CA00C989A4 /* ColorSets.swift */ = {isa = PBXFileReference; lastKnownFileType = sourcecode.swift; path = ColorSets.swift; sourceTree = "<group>"; };
		9D5A6DA7268C2E430012E7B3 /* Popup.swift */ = {isa = PBXFileReference; lastKnownFileType = sourcecode.swift; path = Popup.swift; sourceTree = "<group>"; };
		9D7CFF29268B8CEF00A48C9E /* Montserrat-SemiBold.ttf */ = {isa = PBXFileReference; lastKnownFileType = file; path = "Montserrat-SemiBold.ttf"; sourceTree = "<group>"; };
		9D7CFF2E268B8D0C00A48C9E /* Montserrat-Regular.ttf */ = {isa = PBXFileReference; lastKnownFileType = file; path = "Montserrat-Regular.ttf"; sourceTree = "<group>"; };
		9D7CFF33268B8D1E00A48C9E /* Montserrat-Bold.ttf */ = {isa = PBXFileReference; lastKnownFileType = file; path = "Montserrat-Bold.ttf"; sourceTree = "<group>"; };
		9D7CFF39268BA05200A48C9E /* PresenceViewController.swift */ = {isa = PBXFileReference; lastKnownFileType = sourcecode.swift; path = PresenceViewController.swift; sourceTree = "<group>"; };
		9D7CFF41268BA05E00A48C9E /* PresenceViewModel.swift */ = {isa = PBXFileReference; lastKnownFileType = sourcecode.swift; path = PresenceViewModel.swift; sourceTree = "<group>"; };
		9D7CFF46268BA06C00A48C9E /* PresenceCoordinator.swift */ = {isa = PBXFileReference; lastKnownFileType = sourcecode.swift; path = PresenceCoordinator.swift; sourceTree = "<group>"; };
		9D7CFF59268BAC0500A48C9E /* Montserrat-Light.ttf */ = {isa = PBXFileReference; lastKnownFileType = file; path = "Montserrat-Light.ttf"; sourceTree = "<group>"; };
		9D7CFF69268BB8D100A48C9E /* StringExtension.swift */ = {isa = PBXFileReference; lastKnownFileType = sourcecode.swift; path = StringExtension.swift; sourceTree = "<group>"; };
		9D7CFF6E268BBDC300A48C9E /* PresenceDAO.swift */ = {isa = PBXFileReference; lastKnownFileType = sourcecode.swift; path = PresenceDAO.swift; sourceTree = "<group>"; };
		9DB7A5A5268A483A006662E7 /* ProvaSicredi.app */ = {isa = PBXFileReference; explicitFileType = wrapper.application; includeInIndex = 0; path = ProvaSicredi.app; sourceTree = BUILT_PRODUCTS_DIR; };
		9DB7A5A8268A483A006662E7 /* AppDelegate.swift */ = {isa = PBXFileReference; lastKnownFileType = sourcecode.swift; path = AppDelegate.swift; sourceTree = "<group>"; };
		9DB7A5AA268A483A006662E7 /* SceneDelegate.swift */ = {isa = PBXFileReference; lastKnownFileType = sourcecode.swift; path = SceneDelegate.swift; sourceTree = "<group>"; };
		9DB7A5AC268A483A006662E7 /* HomeViewController.swift */ = {isa = PBXFileReference; lastKnownFileType = sourcecode.swift; path = HomeViewController.swift; sourceTree = "<group>"; };
		9DB7A5B1268A483B006662E7 /* Assets.xcassets */ = {isa = PBXFileReference; lastKnownFileType = folder.assetcatalog; path = Assets.xcassets; sourceTree = "<group>"; };
		9DB7A5B4268A483B006662E7 /* Base */ = {isa = PBXFileReference; lastKnownFileType = file.storyboard; name = Base; path = Base.lproj/LaunchScreen.storyboard; sourceTree = "<group>"; };
		9DB7A5B6268A483B006662E7 /* Info.plist */ = {isa = PBXFileReference; lastKnownFileType = text.plist.xml; path = Info.plist; sourceTree = "<group>"; };
		9DB7A5BB268A483B006662E7 /* ProvaSicrediTests.xctest */ = {isa = PBXFileReference; explicitFileType = wrapper.cfbundle; includeInIndex = 0; path = ProvaSicrediTests.xctest; sourceTree = BUILT_PRODUCTS_DIR; };
		9DB7A5C1268A483B006662E7 /* Info.plist */ = {isa = PBXFileReference; lastKnownFileType = text.plist.xml; path = Info.plist; sourceTree = "<group>"; };
		9DB7A5C6268A483B006662E7 /* ProvaSicrediUITests.xctest */ = {isa = PBXFileReference; explicitFileType = wrapper.cfbundle; includeInIndex = 0; path = ProvaSicrediUITests.xctest; sourceTree = BUILT_PRODUCTS_DIR; };
		9DB7A5CA268A483B006662E7 /* ProvaSicrediUITests.swift */ = {isa = PBXFileReference; lastKnownFileType = sourcecode.swift; path = ProvaSicrediUITests.swift; sourceTree = "<group>"; };
		9DB7A5CC268A483B006662E7 /* Info.plist */ = {isa = PBXFileReference; lastKnownFileType = text.plist.xml; path = Info.plist; sourceTree = "<group>"; };
		9DB7A5E2268A48F5006662E7 /* HomeCoordinator.swift */ = {isa = PBXFileReference; lastKnownFileType = sourcecode.swift; path = HomeCoordinator.swift; sourceTree = "<group>"; };
		9DB7A5E8268A4909006662E7 /* CoordinatorProtocol.swift */ = {isa = PBXFileReference; lastKnownFileType = sourcecode.swift; path = CoordinatorProtocol.swift; sourceTree = "<group>"; };
		9DB7A5F0268A49B6006662E7 /* HomeViewModel.swift */ = {isa = PBXFileReference; lastKnownFileType = sourcecode.swift; path = HomeViewModel.swift; sourceTree = "<group>"; };
		9DB7A5F9268A51A9006662E7 /* APIService.swift */ = {isa = PBXFileReference; lastKnownFileType = sourcecode.swift; path = APIService.swift; sourceTree = "<group>"; };
		9DB7A5FF268A51F1006662E7 /* Event.swift */ = {isa = PBXFileReference; lastKnownFileType = sourcecode.swift; path = Event.swift; sourceTree = "<group>"; };
		9DB7A604268A5218006662E7 /* People.swift */ = {isa = PBXFileReference; lastKnownFileType = sourcecode.swift; path = People.swift; sourceTree = "<group>"; };
		9DB7A614268A61D6006662E7 /* APIMethods.swift */ = {isa = PBXFileReference; lastKnownFileType = sourcecode.swift; path = APIMethods.swift; sourceTree = "<group>"; };
		9DB7A619268A662D006662E7 /* HomeTableViewCell.swift */ = {isa = PBXFileReference; lastKnownFileType = sourcecode.swift; path = HomeTableViewCell.swift; sourceTree = "<group>"; };
		9DB7A622268A90EF006662E7 /* DetailsViewController.swift */ = {isa = PBXFileReference; lastKnownFileType = sourcecode.swift; path = DetailsViewController.swift; sourceTree = "<group>"; };
		9DB7A62A268A90FB006662E7 /* DetailsViewModel.swift */ = {isa = PBXFileReference; lastKnownFileType = sourcecode.swift; path = DetailsViewModel.swift; sourceTree = "<group>"; };
		9DB7A632268A9111006662E7 /* DetailsViewCoordinator.swift */ = {isa = PBXFileReference; lastKnownFileType = sourcecode.swift; path = DetailsViewCoordinator.swift; sourceTree = "<group>"; };
		9DB7A637268AAE24006662E7 /* Components.swift */ = {isa = PBXFileReference; lastKnownFileType = sourcecode.swift; path = Components.swift; sourceTree = "<group>"; };
		B814617F6643F5761EAB3659 /* Pods-ProvaSicredi-ProvaSicrediUITests.release.xcconfig */ = {isa = PBXFileReference; includeInIndex = 1; lastKnownFileType = text.xcconfig; name = "Pods-ProvaSicredi-ProvaSicrediUITests.release.xcconfig"; path = "Target Support Files/Pods-ProvaSicredi-ProvaSicrediUITests/Pods-ProvaSicredi-ProvaSicrediUITests.release.xcconfig"; sourceTree = "<group>"; };
		BFD69B2FF06A114DFD87A3EC /* Pods-ProvaSicredi.release.xcconfig */ = {isa = PBXFileReference; includeInIndex = 1; lastKnownFileType = text.xcconfig; name = "Pods-ProvaSicredi.release.xcconfig"; path = "Target Support Files/Pods-ProvaSicredi/Pods-ProvaSicredi.release.xcconfig"; sourceTree = "<group>"; };
/* End PBXFileReference section */

/* Begin PBXFrameworksBuildPhase section */
		9DB7A5A2268A483A006662E7 /* Frameworks */ = {
			isa = PBXFrameworksBuildPhase;
			buildActionMask = 2147483647;
			files = (
				22177E8A5F59652B3D64CB65 /* Pods_ProvaSicredi.framework in Frameworks */,
			);
			runOnlyForDeploymentPostprocessing = 0;
		};
		9DB7A5B8268A483B006662E7 /* Frameworks */ = {
			isa = PBXFrameworksBuildPhase;
			buildActionMask = 2147483647;
			files = (
				4C38CD829B51D6265AE878F0 /* Pods_ProvaSicrediTests.framework in Frameworks */,
			);
			runOnlyForDeploymentPostprocessing = 0;
		};
		9DB7A5C3268A483B006662E7 /* Frameworks */ = {
			isa = PBXFrameworksBuildPhase;
			buildActionMask = 2147483647;
			files = (
				6EDC086BC30FF92DDD5B31A2 /* Pods_ProvaSicredi_ProvaSicrediUITests.framework in Frameworks */,
			);
			runOnlyForDeploymentPostprocessing = 0;
		};
/* End PBXFrameworksBuildPhase section */

/* Begin PBXGroup section */
		056598D182DAC7977D2A6B53 /* Frameworks */ = {
			isa = PBXGroup;
			children = (
				6825DFC48484E7A4CB6FD3FE /* Pods_ProvaSicredi.framework */,
				8E18E680405CCC39E842A078 /* Pods_ProvaSicredi_ProvaSicrediUITests.framework */,
				551DEA9FDE2DA3A163AA77BD /* Pods_ProvaSicrediTests.framework */,
			);
			name = Frameworks;
			sourceTree = "<group>";
		};
		99CA4B454662B231CC6B567E /* Pods */ = {
			isa = PBXGroup;
			children = (
				484FC7E7BEA64A524875B41D /* Pods-ProvaSicredi.debug.xcconfig */,
				BFD69B2FF06A114DFD87A3EC /* Pods-ProvaSicredi.release.xcconfig */,
				902D133BC7635545E19AA424 /* Pods-ProvaSicredi-ProvaSicrediUITests.debug.xcconfig */,
				B814617F6643F5761EAB3659 /* Pods-ProvaSicredi-ProvaSicrediUITests.release.xcconfig */,
				6701894BAF50B2AE6BEB1D61 /* Pods-ProvaSicrediTests.debug.xcconfig */,
				9991B76834D98E635CDFD572 /* Pods-ProvaSicrediTests.release.xcconfig */,
			);
			path = Pods;
			sourceTree = "<group>";
		};
		9D7CFF28268B8CA100A48C9E /* Fonts */ = {
			isa = PBXGroup;
			children = (
				9D7CFF29268B8CEF00A48C9E /* Montserrat-SemiBold.ttf */,
				9D7CFF33268B8D1E00A48C9E /* Montserrat-Bold.ttf */,
				9D7CFF59268BAC0500A48C9E /* Montserrat-Light.ttf */,
				9D7CFF2E268B8D0C00A48C9E /* Montserrat-Regular.ttf */,
			);
			path = Fonts;
			sourceTree = "<group>";
		};
		9D7CFF38268BA02A00A48C9E /* PresenceView */ = {
			isa = PBXGroup;
			children = (
				9D7CFF39268BA05200A48C9E /* PresenceViewController.swift */,
				9D7CFF41268BA05E00A48C9E /* PresenceViewModel.swift */,
				9D7CFF46268BA06C00A48C9E /* PresenceCoordinator.swift */,
			);
			path = PresenceView;
			sourceTree = "<group>";
		};
		9DB7A59C268A483A006662E7 = {
			isa = PBXGroup;
			children = (
				9DB7A5A7268A483A006662E7 /* ProvaSicredi */,
				9DB7A5BE268A483B006662E7 /* ProvaSicrediTests */,
				9DB7A5C9268A483B006662E7 /* ProvaSicrediUITests */,
				9DB7A5A6268A483A006662E7 /* Products */,
				99CA4B454662B231CC6B567E /* Pods */,
				056598D182DAC7977D2A6B53 /* Frameworks */,
			);
			sourceTree = "<group>";
		};
		9DB7A5A6268A483A006662E7 /* Products */ = {
			isa = PBXGroup;
			children = (
				9DB7A5A5268A483A006662E7 /* ProvaSicredi.app */,
				9DB7A5BB268A483B006662E7 /* ProvaSicrediTests.xctest */,
				9DB7A5C6268A483B006662E7 /* ProvaSicrediUITests.xctest */,
			);
			name = Products;
			sourceTree = "<group>";
		};
		9DB7A5A7268A483A006662E7 /* ProvaSicredi */ = {
			isa = PBXGroup;
			children = (
				9DB7A5AA268A483A006662E7 /* SceneDelegate.swift */,
				9DB7A5A8268A483A006662E7 /* AppDelegate.swift */,
				9DB7A5DE268A48C4006662E7 /* HomeView */,
				9DB7A621268A90B5006662E7 /* DetailsView */,
				9D7CFF38268BA02A00A48C9E /* PresenceView */,
				9DB7A5FE268A51E2006662E7 /* Models */,
				9DB7A5F8268A5190006662E7 /* WebService */,
				9DB7A5E7268A48FC006662E7 /* Components */,
				9D7CFF28268B8CA100A48C9E /* Fonts */,
				9DB7A5B3268A483B006662E7 /* LaunchScreen.storyboard */,
				9DB7A5B1268A483B006662E7 /* Assets.xcassets */,
				9DB7A5B6268A483B006662E7 /* Info.plist */,
			);
			path = ProvaSicredi;
			sourceTree = "<group>";
		};
		9DB7A5BE268A483B006662E7 /* ProvaSicrediTests */ = {
			isa = PBXGroup;
			children = (
				9D1D5932268BFEF700C1853C /* ProvaSicrediTests.swift */,
				9D1D592A268BF75D00C1853C /* StrignUtilsTest.swift */,
				9D1D593A268BFFCD00C1853C /* EpochDateTest.swift */,
				9DB7A5C1268A483B006662E7 /* Info.plist */,
			);
			path = ProvaSicrediTests;
			sourceTree = "<group>";
		};
		9DB7A5C9268A483B006662E7 /* ProvaSicrediUITests */ = {
			isa = PBXGroup;
			children = (
				9DB7A5CA268A483B006662E7 /* ProvaSicrediUITests.swift */,
				9DB7A5CC268A483B006662E7 /* Info.plist */,
			);
			path = ProvaSicrediUITests;
			sourceTree = "<group>";
		};
		9DB7A5DE268A48C4006662E7 /* HomeView */ = {
			isa = PBXGroup;
			children = (
				9DB7A5AC268A483A006662E7 /* HomeViewController.swift */,
				9DB7A619268A662D006662E7 /* HomeTableViewCell.swift */,
				9DB7A5E2268A48F5006662E7 /* HomeCoordinator.swift */,
				9DB7A5F0268A49B6006662E7 /* HomeViewModel.swift */,
			);
			path = HomeView;
			sourceTree = "<group>";
		};
		9DB7A5E7268A48FC006662E7 /* Components */ = {
			isa = PBXGroup;
			children = (
				9DB7A5E8268A4909006662E7 /* CoordinatorProtocol.swift */,
				9DB7A637268AAE24006662E7 /* Components.swift */,
				9D7CFF69268BB8D100A48C9E /* StringExtension.swift */,
				9D5A6DA7268C2E430012E7B3 /* Popup.swift */,
				9D4619A1268E36CA00C989A4 /* ColorSets.swift */,
			);
			path = Components;
			sourceTree = "<group>";
		};
		9DB7A5F8268A5190006662E7 /* WebService */ = {
			isa = PBXGroup;
			children = (
				9DB7A5F9268A51A9006662E7 /* APIService.swift */,
				9DB7A614268A61D6006662E7 /* APIMethods.swift */,
			);
			path = WebService;
			sourceTree = "<group>";
		};
		9DB7A5FE268A51E2006662E7 /* Models */ = {
			isa = PBXGroup;
			children = (
				9DB7A5FF268A51F1006662E7 /* Event.swift */,
				9DB7A604268A5218006662E7 /* People.swift */,
				9D7CFF6E268BBDC300A48C9E /* PresenceDAO.swift */,
			);
			path = Models;
			sourceTree = "<group>";
		};
		9DB7A621268A90B5006662E7 /* DetailsView */ = {
			isa = PBXGroup;
			children = (
				9DB7A622268A90EF006662E7 /* DetailsViewController.swift */,
				9DB7A62A268A90FB006662E7 /* DetailsViewModel.swift */,
				9DB7A632268A9111006662E7 /* DetailsViewCoordinator.swift */,
			);
			path = DetailsView;
			sourceTree = "<group>";
		};
/* End PBXGroup section */

/* Begin PBXNativeTarget section */
		9DB7A5A4268A483A006662E7 /* ProvaSicredi */ = {
			isa = PBXNativeTarget;
			buildConfigurationList = 9DB7A5CF268A483B006662E7 /* Build configuration list for PBXNativeTarget "ProvaSicredi" */;
			buildPhases = (
				0CEA2558B14CBF1C5A87C0D9 /* [CP] Check Pods Manifest.lock */,
				9DB7A5A1268A483A006662E7 /* Sources */,
				9DB7A5A2268A483A006662E7 /* Frameworks */,
				9DB7A5A3268A483A006662E7 /* Resources */,
				6A35C2129E9FCC900977ADAC /* [CP] Embed Pods Frameworks */,
			);
			buildRules = (
			);
			dependencies = (
			);
			name = ProvaSicredi;
			productName = ProvaSicredi;
			productReference = 9DB7A5A5268A483A006662E7 /* ProvaSicredi.app */;
			productType = "com.apple.product-type.application";
		};
		9DB7A5BA268A483B006662E7 /* ProvaSicrediTests */ = {
			isa = PBXNativeTarget;
			buildConfigurationList = 9DB7A5D2268A483B006662E7 /* Build configuration list for PBXNativeTarget "ProvaSicrediTests" */;
			buildPhases = (
				A266A7BB11D63078A84D9B43 /* [CP] Check Pods Manifest.lock */,
				9DB7A5B7268A483B006662E7 /* Sources */,
				9DB7A5B8268A483B006662E7 /* Frameworks */,
				9DB7A5B9268A483B006662E7 /* Resources */,
			);
			buildRules = (
			);
			dependencies = (
				9DB7A5BD268A483B006662E7 /* PBXTargetDependency */,
			);
			name = ProvaSicrediTests;
			productName = ProvaSicrediTests;
			productReference = 9DB7A5BB268A483B006662E7 /* ProvaSicrediTests.xctest */;
			productType = "com.apple.product-type.bundle.unit-test";
		};
		9DB7A5C5268A483B006662E7 /* ProvaSicrediUITests */ = {
			isa = PBXNativeTarget;
			buildConfigurationList = 9DB7A5D5268A483B006662E7 /* Build configuration list for PBXNativeTarget "ProvaSicrediUITests" */;
			buildPhases = (
				39EAA5364E76F802F4A5A09C /* [CP] Check Pods Manifest.lock */,
				9DB7A5C2268A483B006662E7 /* Sources */,
				9DB7A5C3268A483B006662E7 /* Frameworks */,
				9DB7A5C4268A483B006662E7 /* Resources */,
				C5329CA8E7F585BC3ED1047B /* [CP] Embed Pods Frameworks */,
			);
			buildRules = (
			);
			dependencies = (
				9DB7A5C8268A483B006662E7 /* PBXTargetDependency */,
			);
			name = ProvaSicrediUITests;
			productName = ProvaSicrediUITests;
			productReference = 9DB7A5C6268A483B006662E7 /* ProvaSicrediUITests.xctest */;
			productType = "com.apple.product-type.bundle.ui-testing";
		};
/* End PBXNativeTarget section */

/* Begin PBXProject section */
		9DB7A59D268A483A006662E7 /* Project object */ = {
			isa = PBXProject;
			attributes = {
				LastSwiftUpdateCheck = 1240;
				LastUpgradeCheck = 1240;
				TargetAttributes = {
					9DB7A5A4268A483A006662E7 = {
						CreatedOnToolsVersion = 12.4;
					};
					9DB7A5BA268A483B006662E7 = {
						CreatedOnToolsVersion = 12.4;
						TestTargetID = 9DB7A5A4268A483A006662E7;
					};
					9DB7A5C5268A483B006662E7 = {
						CreatedOnToolsVersion = 12.4;
						TestTargetID = 9DB7A5A4268A483A006662E7;
					};
				};
			};
			buildConfigurationList = 9DB7A5A0268A483A006662E7 /* Build configuration list for PBXProject "ProvaSicredi" */;
			compatibilityVersion = "Xcode 9.3";
			developmentRegion = en;
			hasScannedForEncodings = 0;
			knownRegions = (
				en,
				Base,
			);
			mainGroup = 9DB7A59C268A483A006662E7;
			productRefGroup = 9DB7A5A6268A483A006662E7 /* Products */;
			projectDirPath = "";
			projectRoot = "";
			targets = (
				9DB7A5A4268A483A006662E7 /* ProvaSicredi */,
				9DB7A5BA268A483B006662E7 /* ProvaSicrediTests */,
				9DB7A5C5268A483B006662E7 /* ProvaSicrediUITests */,
			);
		};
/* End PBXProject section */

/* Begin PBXResourcesBuildPhase section */
		9DB7A5A3268A483A006662E7 /* Resources */ = {
			isa = PBXResourcesBuildPhase;
			buildActionMask = 2147483647;
			files = (
				9D7CFF5A268BAC0500A48C9E /* Montserrat-Light.ttf in Resources */,
				9D7CFF34268B8D1E00A48C9E /* Montserrat-Bold.ttf in Resources */,
				9D7CFF2F268B8D0C00A48C9E /* Montserrat-Regular.ttf in Resources */,
				9D7CFF2A268B8CEF00A48C9E /* Montserrat-SemiBold.ttf in Resources */,
				9DB7A5B5268A483B006662E7 /* LaunchScreen.storyboard in Resources */,
				9DB7A5B2268A483B006662E7 /* Assets.xcassets in Resources */,
			);
			runOnlyForDeploymentPostprocessing = 0;
		};
		9DB7A5B9268A483B006662E7 /* Resources */ = {
			isa = PBXResourcesBuildPhase;
			buildActionMask = 2147483647;
			files = (
			);
			runOnlyForDeploymentPostprocessing = 0;
		};
		9DB7A5C4268A483B006662E7 /* Resources */ = {
			isa = PBXResourcesBuildPhase;
			buildActionMask = 2147483647;
			files = (
			);
			runOnlyForDeploymentPostprocessing = 0;
		};
/* End PBXResourcesBuildPhase section */

/* Begin PBXShellScriptBuildPhase section */
		0CEA2558B14CBF1C5A87C0D9 /* [CP] Check Pods Manifest.lock */ = {
			isa = PBXShellScriptBuildPhase;
			buildActionMask = 2147483647;
			files = (
			);
			inputFileListPaths = (
			);
			inputPaths = (
				"${PODS_PODFILE_DIR_PATH}/Podfile.lock",
				"${PODS_ROOT}/Manifest.lock",
			);
			name = "[CP] Check Pods Manifest.lock";
			outputFileListPaths = (
			);
			outputPaths = (
				"$(DERIVED_FILE_DIR)/Pods-ProvaSicredi-checkManifestLockResult.txt",
			);
			runOnlyForDeploymentPostprocessing = 0;
			shellPath = /bin/sh;
			shellScript = "diff \"${PODS_PODFILE_DIR_PATH}/Podfile.lock\" \"${PODS_ROOT}/Manifest.lock\" > /dev/null\nif [ $? != 0 ] ; then\n    # print error to STDERR\n    echo \"error: The sandbox is not in sync with the Podfile.lock. Run 'pod install' or update your CocoaPods installation.\" >&2\n    exit 1\nfi\n# This output is used by Xcode 'outputs' to avoid re-running this script phase.\necho \"SUCCESS\" > \"${SCRIPT_OUTPUT_FILE_0}\"\n";
			showEnvVarsInLog = 0;
		};
		39EAA5364E76F802F4A5A09C /* [CP] Check Pods Manifest.lock */ = {
			isa = PBXShellScriptBuildPhase;
			buildActionMask = 2147483647;
			files = (
			);
			inputFileListPaths = (
			);
			inputPaths = (
				"${PODS_PODFILE_DIR_PATH}/Podfile.lock",
				"${PODS_ROOT}/Manifest.lock",
			);
			name = "[CP] Check Pods Manifest.lock";
			outputFileListPaths = (
			);
			outputPaths = (
				"$(DERIVED_FILE_DIR)/Pods-ProvaSicredi-ProvaSicrediUITests-checkManifestLockResult.txt",
			);
			runOnlyForDeploymentPostprocessing = 0;
			shellPath = /bin/sh;
			shellScript = "diff \"${PODS_PODFILE_DIR_PATH}/Podfile.lock\" \"${PODS_ROOT}/Manifest.lock\" > /dev/null\nif [ $? != 0 ] ; then\n    # print error to STDERR\n    echo \"error: The sandbox is not in sync with the Podfile.lock. Run 'pod install' or update your CocoaPods installation.\" >&2\n    exit 1\nfi\n# This output is used by Xcode 'outputs' to avoid re-running this script phase.\necho \"SUCCESS\" > \"${SCRIPT_OUTPUT_FILE_0}\"\n";
			showEnvVarsInLog = 0;
		};
		6A35C2129E9FCC900977ADAC /* [CP] Embed Pods Frameworks */ = {
			isa = PBXShellScriptBuildPhase;
			buildActionMask = 2147483647;
			files = (
			);
			inputFileListPaths = (
				"${PODS_ROOT}/Target Support Files/Pods-ProvaSicredi/Pods-ProvaSicredi-frameworks-${CONFIGURATION}-input-files.xcfilelist",
			);
			name = "[CP] Embed Pods Frameworks";
			outputFileListPaths = (
				"${PODS_ROOT}/Target Support Files/Pods-ProvaSicredi/Pods-ProvaSicredi-frameworks-${CONFIGURATION}-output-files.xcfilelist",
			);
			runOnlyForDeploymentPostprocessing = 0;
			shellPath = /bin/sh;
			shellScript = "\"${PODS_ROOT}/Target Support Files/Pods-ProvaSicredi/Pods-ProvaSicredi-frameworks.sh\"\n";
			showEnvVarsInLog = 0;
		};
		A266A7BB11D63078A84D9B43 /* [CP] Check Pods Manifest.lock */ = {
			isa = PBXShellScriptBuildPhase;
			buildActionMask = 2147483647;
			files = (
			);
			inputFileListPaths = (
			);
			inputPaths = (
				"${PODS_PODFILE_DIR_PATH}/Podfile.lock",
				"${PODS_ROOT}/Manifest.lock",
			);
			name = "[CP] Check Pods Manifest.lock";
			outputFileListPaths = (
			);
			outputPaths = (
				"$(DERIVED_FILE_DIR)/Pods-ProvaSicrediTests-checkManifestLockResult.txt",
			);
			runOnlyForDeploymentPostprocessing = 0;
			shellPath = /bin/sh;
			shellScript = "diff \"${PODS_PODFILE_DIR_PATH}/Podfile.lock\" \"${PODS_ROOT}/Manifest.lock\" > /dev/null\nif [ $? != 0 ] ; then\n    # print error to STDERR\n    echo \"error: The sandbox is not in sync with the Podfile.lock. Run 'pod install' or update your CocoaPods installation.\" >&2\n    exit 1\nfi\n# This output is used by Xcode 'outputs' to avoid re-running this script phase.\necho \"SUCCESS\" > \"${SCRIPT_OUTPUT_FILE_0}\"\n";
			showEnvVarsInLog = 0;
		};
		C5329CA8E7F585BC3ED1047B /* [CP] Embed Pods Frameworks */ = {
			isa = PBXShellScriptBuildPhase;
			buildActionMask = 2147483647;
			files = (
			);
			inputFileListPaths = (
				"${PODS_ROOT}/Target Support Files/Pods-ProvaSicredi-ProvaSicrediUITests/Pods-ProvaSicredi-ProvaSicrediUITests-frameworks-${CONFIGURATION}-input-files.xcfilelist",
			);
			name = "[CP] Embed Pods Frameworks";
			outputFileListPaths = (
				"${PODS_ROOT}/Target Support Files/Pods-ProvaSicredi-ProvaSicrediUITests/Pods-ProvaSicredi-ProvaSicrediUITests-frameworks-${CONFIGURATION}-output-files.xcfilelist",
			);
			runOnlyForDeploymentPostprocessing = 0;
			shellPath = /bin/sh;
			shellScript = "\"${PODS_ROOT}/Target Support Files/Pods-ProvaSicredi-ProvaSicrediUITests/Pods-ProvaSicredi-ProvaSicrediUITests-frameworks.sh\"\n";
			showEnvVarsInLog = 0;
		};
/* End PBXShellScriptBuildPhase section */

/* Begin PBXSourcesBuildPhase section */
		9DB7A5A1268A483A006662E7 /* Sources */ = {
			isa = PBXSourcesBuildPhase;
			buildActionMask = 2147483647;
			files = (
				9D5A6DA8268C2E430012E7B3 /* Popup.swift in Sources */,
				9DB7A600268A51F1006662E7 /* Event.swift in Sources */,
				9D7CFF6F268BBDC300A48C9E /* PresenceDAO.swift in Sources */,
				9DB7A615268A61D6006662E7 /* APIMethods.swift in Sources */,
				9DB7A5AD268A483A006662E7 /* HomeViewController.swift in Sources */,
				9DB7A5FA268A51A9006662E7 /* APIService.swift in Sources */,
				9DB7A638268AAE24006662E7 /* Components.swift in Sources */,
				9DB7A633268A9111006662E7 /* DetailsViewCoordinator.swift in Sources */,
				9D7CFF42268BA05E00A48C9E /* PresenceViewModel.swift in Sources */,
				9DB7A5F1268A49B6006662E7 /* HomeViewModel.swift in Sources */,
				9DB7A61A268A662D006662E7 /* HomeTableViewCell.swift in Sources */,
				9DB7A605268A5218006662E7 /* People.swift in Sources */,
				9DB7A5E3268A48F5006662E7 /* HomeCoordinator.swift in Sources */,
				9D7CFF47268BA06C00A48C9E /* PresenceCoordinator.swift in Sources */,
				9DB7A5E9268A4909006662E7 /* CoordinatorProtocol.swift in Sources */,
				9D7CFF3A268BA05200A48C9E /* PresenceViewController.swift in Sources */,
				9D4619A2268E36CA00C989A4 /* ColorSets.swift in Sources */,
				9DB7A62B268A90FB006662E7 /* DetailsViewModel.swift in Sources */,
				9DB7A5A9268A483A006662E7 /* AppDelegate.swift in Sources */,
				9D7CFF6A268BB8D100A48C9E /* StringExtension.swift in Sources */,
				9DB7A5AB268A483A006662E7 /* SceneDelegate.swift in Sources */,
				9DB7A623268A90EF006662E7 /* DetailsViewController.swift in Sources */,
			);
			runOnlyForDeploymentPostprocessing = 0;
		};
		9DB7A5B7268A483B006662E7 /* Sources */ = {
			isa = PBXSourcesBuildPhase;
			buildActionMask = 2147483647;
			files = (
				9D1D5933268BFEF700C1853C /* ProvaSicrediTests.swift in Sources */,
				9D1D592B268BF75D00C1853C /* StrignUtilsTest.swift in Sources */,
				9D1D593B268BFFCD00C1853C /* EpochDateTest.swift in Sources */,
			);
			runOnlyForDeploymentPostprocessing = 0;
		};
		9DB7A5C2268A483B006662E7 /* Sources */ = {
			isa = PBXSourcesBuildPhase;
			buildActionMask = 2147483647;
			files = (
				9DB7A5CB268A483B006662E7 /* ProvaSicrediUITests.swift in Sources */,
			);
			runOnlyForDeploymentPostprocessing = 0;
		};
/* End PBXSourcesBuildPhase section */

/* Begin PBXTargetDependency section */
		9DB7A5BD268A483B006662E7 /* PBXTargetDependency */ = {
			isa = PBXTargetDependency;
			target = 9DB7A5A4268A483A006662E7 /* ProvaSicredi */;
			targetProxy = 9DB7A5BC268A483B006662E7 /* PBXContainerItemProxy */;
		};
		9DB7A5C8268A483B006662E7 /* PBXTargetDependency */ = {
			isa = PBXTargetDependency;
			target = 9DB7A5A4268A483A006662E7 /* ProvaSicredi */;
			targetProxy = 9DB7A5C7268A483B006662E7 /* PBXContainerItemProxy */;
		};
/* End PBXTargetDependency section */

/* Begin PBXVariantGroup section */
		9DB7A5B3268A483B006662E7 /* LaunchScreen.storyboard */ = {
			isa = PBXVariantGroup;
			children = (
				9DB7A5B4268A483B006662E7 /* Base */,
			);
			name = LaunchScreen.storyboard;
			sourceTree = "<group>";
		};
/* End PBXVariantGroup section */

/* Begin XCBuildConfiguration section */
		9DB7A5CD268A483B006662E7 /* Debug */ = {
			isa = XCBuildConfiguration;
			buildSettings = {
				ALWAYS_SEARCH_USER_PATHS = NO;
				CLANG_ANALYZER_NONNULL = YES;
				CLANG_ANALYZER_NUMBER_OBJECT_CONVERSION = YES_AGGRESSIVE;
				CLANG_CXX_LANGUAGE_STANDARD = "gnu++14";
				CLANG_CXX_LIBRARY = "libc++";
				CLANG_ENABLE_MODULES = YES;
				CLANG_ENABLE_OBJC_ARC = YES;
				CLANG_ENABLE_OBJC_WEAK = YES;
				CLANG_WARN_BLOCK_CAPTURE_AUTORELEASING = YES;
				CLANG_WARN_BOOL_CONVERSION = YES;
				CLANG_WARN_COMMA = YES;
				CLANG_WARN_CONSTANT_CONVERSION = YES;
				CLANG_WARN_DEPRECATED_OBJC_IMPLEMENTATIONS = YES;
				CLANG_WARN_DIRECT_OBJC_ISA_USAGE = YES_ERROR;
				CLANG_WARN_DOCUMENTATION_COMMENTS = YES;
				CLANG_WARN_EMPTY_BODY = YES;
				CLANG_WARN_ENUM_CONVERSION = YES;
				CLANG_WARN_INFINITE_RECURSION = YES;
				CLANG_WARN_INT_CONVERSION = YES;
				CLANG_WARN_NON_LITERAL_NULL_CONVERSION = YES;
				CLANG_WARN_OBJC_IMPLICIT_RETAIN_SELF = YES;
				CLANG_WARN_OBJC_LITERAL_CONVERSION = YES;
				CLANG_WARN_OBJC_ROOT_CLASS = YES_ERROR;
				CLANG_WARN_QUOTED_INCLUDE_IN_FRAMEWORK_HEADER = YES;
				CLANG_WARN_RANGE_LOOP_ANALYSIS = YES;
				CLANG_WARN_STRICT_PROTOTYPES = YES;
				CLANG_WARN_SUSPICIOUS_MOVE = YES;
				CLANG_WARN_UNGUARDED_AVAILABILITY = YES_AGGRESSIVE;
				CLANG_WARN_UNREACHABLE_CODE = YES;
				CLANG_WARN__DUPLICATE_METHOD_MATCH = YES;
				COPY_PHASE_STRIP = NO;
				DEBUG_INFORMATION_FORMAT = dwarf;
				ENABLE_STRICT_OBJC_MSGSEND = YES;
				ENABLE_TESTABILITY = YES;
				GCC_C_LANGUAGE_STANDARD = gnu11;
				GCC_DYNAMIC_NO_PIC = NO;
				GCC_NO_COMMON_BLOCKS = YES;
				GCC_OPTIMIZATION_LEVEL = 0;
				GCC_PREPROCESSOR_DEFINITIONS = (
					"DEBUG=1",
					"$(inherited)",
				);
				GCC_WARN_64_TO_32_BIT_CONVERSION = YES;
				GCC_WARN_ABOUT_RETURN_TYPE = YES_ERROR;
				GCC_WARN_UNDECLARED_SELECTOR = YES;
				GCC_WARN_UNINITIALIZED_AUTOS = YES_AGGRESSIVE;
				GCC_WARN_UNUSED_FUNCTION = YES;
				GCC_WARN_UNUSED_VARIABLE = YES;
				IPHONEOS_DEPLOYMENT_TARGET = 14.4;
				MTL_ENABLE_DEBUG_INFO = INCLUDE_SOURCE;
				MTL_FAST_MATH = YES;
				ONLY_ACTIVE_ARCH = YES;
				SDKROOT = iphoneos;
				SWIFT_ACTIVE_COMPILATION_CONDITIONS = DEBUG;
				SWIFT_OPTIMIZATION_LEVEL = "-Onone";
			};
			name = Debug;
		};
		9DB7A5CE268A483B006662E7 /* Release */ = {
			isa = XCBuildConfiguration;
			buildSettings = {
				ALWAYS_SEARCH_USER_PATHS = NO;
				CLANG_ANALYZER_NONNULL = YES;
				CLANG_ANALYZER_NUMBER_OBJECT_CONVERSION = YES_AGGRESSIVE;
				CLANG_CXX_LANGUAGE_STANDARD = "gnu++14";
				CLANG_CXX_LIBRARY = "libc++";
				CLANG_ENABLE_MODULES = YES;
				CLANG_ENABLE_OBJC_ARC = YES;
				CLANG_ENABLE_OBJC_WEAK = YES;
				CLANG_WARN_BLOCK_CAPTURE_AUTORELEASING = YES;
				CLANG_WARN_BOOL_CONVERSION = YES;
				CLANG_WARN_COMMA = YES;
				CLANG_WARN_CONSTANT_CONVERSION = YES;
				CLANG_WARN_DEPRECATED_OBJC_IMPLEMENTATIONS = YES;
				CLANG_WARN_DIRECT_OBJC_ISA_USAGE = YES_ERROR;
				CLANG_WARN_DOCUMENTATION_COMMENTS = YES;
				CLANG_WARN_EMPTY_BODY = YES;
				CLANG_WARN_ENUM_CONVERSION = YES;
				CLANG_WARN_INFINITE_RECURSION = YES;
				CLANG_WARN_INT_CONVERSION = YES;
				CLANG_WARN_NON_LITERAL_NULL_CONVERSION = YES;
				CLANG_WARN_OBJC_IMPLICIT_RETAIN_SELF = YES;
				CLANG_WARN_OBJC_LITERAL_CONVERSION = YES;
				CLANG_WARN_OBJC_ROOT_CLASS = YES_ERROR;
				CLANG_WARN_QUOTED_INCLUDE_IN_FRAMEWORK_HEADER = YES;
				CLANG_WARN_RANGE_LOOP_ANALYSIS = YES;
				CLANG_WARN_STRICT_PROTOTYPES = YES;
				CLANG_WARN_SUSPICIOUS_MOVE = YES;
				CLANG_WARN_UNGUARDED_AVAILABILITY = YES_AGGRESSIVE;
				CLANG_WARN_UNREACHABLE_CODE = YES;
				CLANG_WARN__DUPLICATE_METHOD_MATCH = YES;
				COPY_PHASE_STRIP = NO;
				DEBUG_INFORMATION_FORMAT = "dwarf-with-dsym";
				ENABLE_NS_ASSERTIONS = NO;
				ENABLE_STRICT_OBJC_MSGSEND = YES;
				GCC_C_LANGUAGE_STANDARD = gnu11;
				GCC_NO_COMMON_BLOCKS = YES;
				GCC_WARN_64_TO_32_BIT_CONVERSION = YES;
				GCC_WARN_ABOUT_RETURN_TYPE = YES_ERROR;
				GCC_WARN_UNDECLARED_SELECTOR = YES;
				GCC_WARN_UNINITIALIZED_AUTOS = YES_AGGRESSIVE;
				GCC_WARN_UNUSED_FUNCTION = YES;
				GCC_WARN_UNUSED_VARIABLE = YES;
				IPHONEOS_DEPLOYMENT_TARGET = 14.4;
				MTL_ENABLE_DEBUG_INFO = NO;
				MTL_FAST_MATH = YES;
				SDKROOT = iphoneos;
				SWIFT_COMPILATION_MODE = wholemodule;
				SWIFT_OPTIMIZATION_LEVEL = "-O";
				VALIDATE_PRODUCT = YES;
			};
			name = Release;
		};
		9DB7A5D0268A483B006662E7 /* Debug */ = {
			isa = XCBuildConfiguration;
			baseConfigurationReference = 484FC7E7BEA64A524875B41D /* Pods-ProvaSicredi.debug.xcconfig */;
			buildSettings = {
				ASSETCATALOG_COMPILER_APPICON_NAME = AppIcon;
				ASSETCATALOG_COMPILER_GLOBAL_ACCENT_COLOR_NAME = AccentColor;
				CODE_SIGN_STYLE = Automatic;
				DEVELOPMENT_TEAM = 49M73U85TS;
				INFOPLIST_FILE = ProvaSicredi/Info.plist;
				LD_RUNPATH_SEARCH_PATHS = (
					"$(inherited)",
					"@executable_path/Frameworks",
				);
				PRODUCT_BUNDLE_IDENTIFIER = Klein.Rafael.ProvaSicredi;
				PRODUCT_NAME = "$(TARGET_NAME)";
				SWIFT_VERSION = 5.0;
				TARGETED_DEVICE_FAMILY = 1;
			};
			name = Debug;
		};
		9DB7A5D1268A483B006662E7 /* Release */ = {
			isa = XCBuildConfiguration;
			baseConfigurationReference = BFD69B2FF06A114DFD87A3EC /* Pods-ProvaSicredi.release.xcconfig */;
			buildSettings = {
				ASSETCATALOG_COMPILER_APPICON_NAME = AppIcon;
				ASSETCATALOG_COMPILER_GLOBAL_ACCENT_COLOR_NAME = AccentColor;
				CODE_SIGN_STYLE = Automatic;
				DEVELOPMENT_TEAM = 49M73U85TS;
				INFOPLIST_FILE = ProvaSicredi/Info.plist;
				LD_RUNPATH_SEARCH_PATHS = (
					"$(inherited)",
					"@executable_path/Frameworks",
				);
				PRODUCT_BUNDLE_IDENTIFIER = Klein.Rafael.ProvaSicredi;
				PRODUCT_NAME = "$(TARGET_NAME)";
				SWIFT_VERSION = 5.0;
				TARGETED_DEVICE_FAMILY = 1;
			};
			name = Release;
		};
		9DB7A5D3268A483B006662E7 /* Debug */ = {
			isa = XCBuildConfiguration;
			baseConfigurationReference = 6701894BAF50B2AE6BEB1D61 /* Pods-ProvaSicrediTests.debug.xcconfig */;
			buildSettings = {
				ALWAYS_EMBED_SWIFT_STANDARD_LIBRARIES = YES;
				BUNDLE_LOADER = "$(TEST_HOST)";
				CODE_SIGN_STYLE = Automatic;
				DEVELOPMENT_TEAM = 49M73U85TS;
				INFOPLIST_FILE = ProvaSicrediTests/Info.plist;
				IPHONEOS_DEPLOYMENT_TARGET = 14.4;
				LD_RUNPATH_SEARCH_PATHS = (
					"$(inherited)",
					"@executable_path/Frameworks",
					"@loader_path/Frameworks",
				);
				PRODUCT_BUNDLE_IDENTIFIER = Klein.Rafael.ProvaSicrediTests;
				PRODUCT_NAME = "$(TARGET_NAME)";
				SWIFT_VERSION = 5.0;
				TARGETED_DEVICE_FAMILY = "1,2";
				TEST_HOST = "$(BUILT_PRODUCTS_DIR)/ProvaSicredi.app/ProvaSicredi";
			};
			name = Debug;
		};
		9DB7A5D4268A483B006662E7 /* Release */ = {
			isa = XCBuildConfiguration;
			baseConfigurationReference = 9991B76834D98E635CDFD572 /* Pods-ProvaSicrediTests.release.xcconfig */;
			buildSettings = {
				ALWAYS_EMBED_SWIFT_STANDARD_LIBRARIES = YES;
				BUNDLE_LOADER = "$(TEST_HOST)";
				CODE_SIGN_STYLE = Automatic;
				DEVELOPMENT_TEAM = 49M73U85TS;
				INFOPLIST_FILE = ProvaSicrediTests/Info.plist;
				IPHONEOS_DEPLOYMENT_TARGET = 14.4;
				LD_RUNPATH_SEARCH_PATHS = (
					"$(inherited)",
					"@executable_path/Frameworks",
					"@loader_path/Frameworks",
				);
				PRODUCT_BUNDLE_IDENTIFIER = Klein.Rafael.ProvaSicrediTests;
				PRODUCT_NAME = "$(TARGET_NAME)";
				SWIFT_VERSION = 5.0;
				TARGETED_DEVICE_FAMILY = "1,2";
				TEST_HOST = "$(BUILT_PRODUCTS_DIR)/ProvaSicredi.app/ProvaSicredi";
			};
			name = Release;
		};
		9DB7A5D6268A483B006662E7 /* Debug */ = {
			isa = XCBuildConfiguration;
			baseConfigurationReference = 902D133BC7635545E19AA424 /* Pods-ProvaSicredi-ProvaSicrediUITests.debug.xcconfig */;
			buildSettings = {
				ALWAYS_EMBED_SWIFT_STANDARD_LIBRARIES = YES;
				CODE_SIGN_STYLE = Automatic;
				DEVELOPMENT_TEAM = 49M73U85TS;
				INFOPLIST_FILE = ProvaSicrediUITests/Info.plist;
				LD_RUNPATH_SEARCH_PATHS = (
					"$(inherited)",
					"@executable_path/Frameworks",
					"@loader_path/Frameworks",
				);
				PRODUCT_BUNDLE_IDENTIFIER = Klein.Rafael.ProvaSicrediUITests;
				PRODUCT_NAME = "$(TARGET_NAME)";
				SWIFT_VERSION = 5.0;
				TARGETED_DEVICE_FAMILY = "1,2";
				TEST_TARGET_NAME = ProvaSicredi;
			};
			name = Debug;
		};
		9DB7A5D7268A483B006662E7 /* Release */ = {
			isa = XCBuildConfiguration;
			baseConfigurationReference = B814617F6643F5761EAB3659 /* Pods-ProvaSicredi-ProvaSicrediUITests.release.xcconfig */;
			buildSettings = {
				ALWAYS_EMBED_SWIFT_STANDARD_LIBRARIES = YES;
				CODE_SIGN_STYLE = Automatic;
				DEVELOPMENT_TEAM = 49M73U85TS;
				INFOPLIST_FILE = ProvaSicrediUITests/Info.plist;
				LD_RUNPATH_SEARCH_PATHS = (
					"$(inherited)",
					"@executable_path/Frameworks",
					"@loader_path/Frameworks",
				);
				PRODUCT_BUNDLE_IDENTIFIER = Klein.Rafael.ProvaSicrediUITests;
				PRODUCT_NAME = "$(TARGET_NAME)";
				SWIFT_VERSION = 5.0;
				TARGETED_DEVICE_FAMILY = "1,2";
				TEST_TARGET_NAME = ProvaSicredi;
			};
			name = Release;
		};
/* End XCBuildConfiguration section */

/* Begin XCConfigurationList section */
		9DB7A5A0268A483A006662E7 /* Build configuration list for PBXProject "ProvaSicredi" */ = {
			isa = XCConfigurationList;
			buildConfigurations = (
				9DB7A5CD268A483B006662E7 /* Debug */,
				9DB7A5CE268A483B006662E7 /* Release */,
			);
			defaultConfigurationIsVisible = 0;
			defaultConfigurationName = Release;
		};
		9DB7A5CF268A483B006662E7 /* Build configuration list for PBXNativeTarget "ProvaSicredi" */ = {
			isa = XCConfigurationList;
			buildConfigurations = (
				9DB7A5D0268A483B006662E7 /* Debug */,
				9DB7A5D1268A483B006662E7 /* Release */,
			);
			defaultConfigurationIsVisible = 0;
			defaultConfigurationName = Release;
		};
		9DB7A5D2268A483B006662E7 /* Build configuration list for PBXNativeTarget "ProvaSicrediTests" */ = {
			isa = XCConfigurationList;
			buildConfigurations = (
				9DB7A5D3268A483B006662E7 /* Debug */,
				9DB7A5D4268A483B006662E7 /* Release */,
			);
			defaultConfigurationIsVisible = 0;
			defaultConfigurationName = Release;
		};
		9DB7A5D5268A483B006662E7 /* Build configuration list for PBXNativeTarget "ProvaSicrediUITests" */ = {
			isa = XCConfigurationList;
			buildConfigurations = (
				9DB7A5D6268A483B006662E7 /* Debug */,
				9DB7A5D7268A483B006662E7 /* Release */,
			);
			defaultConfigurationIsVisible = 0;
			defaultConfigurationName = Release;
		};
/* End XCConfigurationList section */
	};
	rootObject = 9DB7A59D268A483A006662E7 /* Project object */;
}
